
Microsoft Visual Studio Solution File, Format Version 12.00
# Visual Studio 15
VisualStudioVersion = 15.0.27004.2002
MinimumVisualStudioVersion = 10.0.40219.1
Project("{FAE04EC0-301F-11D3-BF4B-00C04F79EFBC}") = "Keeeys.Droid", "Keeeys\Keeeys.Droid\Keeeys.Droid.csproj", "{D91ED8CA-10A3-46AC-8DD9-901A09C90364}"
EndProject
Project("{FAE04EC0-301F-11D3-BF4B-00C04F79EFBC}") = "Keeeys.iOS", "Keeeys\Keeeys.iOS\Keeeys.iOS.csproj", "{28263855-D1BD-4667-B405-DA611D5CCA1D}"
EndProject
Project("{FAE04EC0-301F-11D3-BF4B-00C04F79EFBC}") = "Keeeys.Common", "Keeeys\Keeeys\Keeeys.Common.csproj", "{9B6FE55D-C3E5-4AA6-A6F9-C43BD960FF1C}"
EndProject
Project("{FAE04EC0-301F-11D3-BF4B-00C04F79EFBC}") = "Keeeys.CommonTests", "Keeeys.CommonTests\Keeeys.CommonTests.csproj", "{19D6C277-3089-4BB7-A0CC-410EBC76EF8D}"
EndProject
Global
	GlobalSection(SolutionConfigurationPlatforms) = preSolution
		Debug|Any CPU = Debug|Any CPU
		Debug|ARM = Debug|ARM
		Debug|iPhone = Debug|iPhone
		Debug|iPhoneSimulator = Debug|iPhoneSimulator
		Debug|x86 = Debug|x86
		Release|Any CPU = Release|Any CPU
		Release|ARM = Release|ARM
		Release|iPhone = Release|iPhone
		Release|iPhoneSimulator = Release|iPhoneSimulator
		Release|x86 = Release|x86
	EndGlobalSection
	GlobalSection(ProjectConfigurationPlatforms) = postSolution
		{D91ED8CA-10A3-46AC-8DD9-901A09C90364}.Debug|Any CPU.ActiveCfg = Debug|Any CPU
		{D91ED8CA-10A3-46AC-8DD9-901A09C90364}.Debug|Any CPU.Build.0 = Debug|Any CPU
		{D91ED8CA-10A3-46AC-8DD9-901A09C90364}.Debug|Any CPU.Deploy.0 = Debug|Any CPU
		{D91ED8CA-10A3-46AC-8DD9-901A09C90364}.Debug|ARM.ActiveCfg = Debug|Any CPU
		{D91ED8CA-10A3-46AC-8DD9-901A09C90364}.Debug|ARM.Build.0 = Debug|Any CPU
		{D91ED8CA-10A3-46AC-8DD9-901A09C90364}.Debug|ARM.Deploy.0 = Debug|Any CPU
		{D91ED8CA-10A3-46AC-8DD9-901A09C90364}.Debug|iPhone.ActiveCfg = Debug|Any CPU
		{D91ED8CA-10A3-46AC-8DD9-901A09C90364}.Debug|iPhone.Build.0 = Debug|Any CPU
		{D91ED8CA-10A3-46AC-8DD9-901A09C90364}.Debug|iPhone.Deploy.0 = Debug|Any CPU
		{D91ED8CA-10A3-46AC-8DD9-901A09C90364}.Debug|iPhoneSimulator.ActiveCfg = Debug|Any CPU
		{D91ED8CA-10A3-46AC-8DD9-901A09C90364}.Debug|iPhoneSimulator.Build.0 = Debug|Any CPU
		{D91ED8CA-10A3-46AC-8DD9-901A09C90364}.Debug|iPhoneSimulator.Deploy.0 = Debug|Any CPU
		{D91ED8CA-10A3-46AC-8DD9-901A09C90364}.Debug|x86.ActiveCfg = Debug|Any CPU
		{D91ED8CA-10A3-46AC-8DD9-901A09C90364}.Debug|x86.Build.0 = Debug|Any CPU
		{D91ED8CA-10A3-46AC-8DD9-901A09C90364}.Debug|x86.Deploy.0 = Debug|Any CPU
		{D91ED8CA-10A3-46AC-8DD9-901A09C90364}.Release|Any CPU.ActiveCfg = Release|Any CPU
		{D91ED8CA-10A3-46AC-8DD9-901A09C90364}.Release|Any CPU.Build.0 = Release|Any CPU
		{D91ED8CA-10A3-46AC-8DD9-901A09C90364}.Release|Any CPU.Deploy.0 = Release|Any CPU
		{D91ED8CA-10A3-46AC-8DD9-901A09C90364}.Release|ARM.ActiveCfg = Release|Any CPU
		{D91ED8CA-10A3-46AC-8DD9-901A09C90364}.Release|ARM.Build.0 = Release|Any CPU
		{D91ED8CA-10A3-46AC-8DD9-901A09C90364}.Release|ARM.Deploy.0 = Release|Any CPU
		{D91ED8CA-10A3-46AC-8DD9-901A09C90364}.Release|iPhone.ActiveCfg = Release|Any CPU
		{D91ED8CA-10A3-46AC-8DD9-901A09C90364}.Release|iPhone.Build.0 = Release|Any CPU
		{D91ED8CA-10A3-46AC-8DD9-901A09C90364}.Release|iPhone.Deploy.0 = Release|Any CPU
		{D91ED8CA-10A3-46AC-8DD9-901A09C90364}.Release|iPhoneSimulator.ActiveCfg = Release|Any CPU
		{D91ED8CA-10A3-46AC-8DD9-901A09C90364}.Release|iPhoneSimulator.Build.0 = Release|Any CPU
		{D91ED8CA-10A3-46AC-8DD9-901A09C90364}.Release|iPhoneSimulator.Deploy.0 = Release|Any CPU
		{D91ED8CA-10A3-46AC-8DD9-901A09C90364}.Release|x86.ActiveCfg = Release|Any CPU
		{D91ED8CA-10A3-46AC-8DD9-901A09C90364}.Release|x86.Build.0 = Release|Any CPU
		{D91ED8CA-10A3-46AC-8DD9-901A09C90364}.Release|x86.Deploy.0 = Release|Any CPU
		{28263855-D1BD-4667-B405-DA611D5CCA1D}.Debug|Any CPU.ActiveCfg = Debug|iPhone
		{28263855-D1BD-4667-B405-DA611D5CCA1D}.Debug|ARM.ActiveCfg = Debug|iPhone
		{28263855-D1BD-4667-B405-DA611D5CCA1D}.Debug|iPhone.ActiveCfg = Debug|iPhone
		{28263855-D1BD-4667-B405-DA611D5CCA1D}.Debug|iPhone.Build.0 = Debug|iPhone
		{28263855-D1BD-4667-B405-DA611D5CCA1D}.Debug|iPhoneSimulator.ActiveCfg = Debug|iPhoneSimulator
		{28263855-D1BD-4667-B405-DA611D5CCA1D}.Debug|iPhoneSimulator.Build.0 = Debug|iPhoneSimulator
		{28263855-D1BD-4667-B405-DA611D5CCA1D}.Debug|x86.ActiveCfg = Debug|iPhone
		{28263855-D1BD-4667-B405-DA611D5CCA1D}.Release|Any CPU.ActiveCfg = Release|iPhone
		{28263855-D1BD-4667-B405-DA611D5CCA1D}.Release|ARM.ActiveCfg = Release|iPhone
		{28263855-D1BD-4667-B405-DA611D5CCA1D}.Release|iPhone.ActiveCfg = Release|iPhone
		{28263855-D1BD-4667-B405-DA611D5CCA1D}.Release|iPhone.Build.0 = Release|iPhone
		{28263855-D1BD-4667-B405-DA611D5CCA1D}.Release|iPhoneSimulator.ActiveCfg = Release|iPhoneSimulator
		{28263855-D1BD-4667-B405-DA611D5CCA1D}.Release|iPhoneSimulator.Build.0 = Release|iPhoneSimulator
		{28263855-D1BD-4667-B405-DA611D5CCA1D}.Release|x86.ActiveCfg = Release|iPhone
		{9B6FE55D-C3E5-4AA6-A6F9-C43BD960FF1C}.Debug|Any CPU.ActiveCfg = Debug|Any CPU
		{9B6FE55D-C3E5-4AA6-A6F9-C43BD960FF1C}.Debug|Any CPU.Build.0 = Debug|Any CPU
		{9B6FE55D-C3E5-4AA6-A6F9-C43BD960FF1C}.Debug|ARM.ActiveCfg = Debug|Any CPU
		{9B6FE55D-C3E5-4AA6-A6F9-C43BD960FF1C}.Debug|ARM.Build.0 = Debug|Any CPU
		{9B6FE55D-C3E5-4AA6-A6F9-C43BD960FF1C}.Debug|iPhone.ActiveCfg = Debug|Any CPU
		{9B6FE55D-C3E5-4AA6-A6F9-C43BD960FF1C}.Debug|iPhone.Build.0 = Debug|Any CPU
		{9B6FE55D-C3E5-4AA6-A6F9-C43BD960FF1C}.Debug|iPhoneSimulator.ActiveCfg = Debug|Any CPU
		{9B6FE55D-C3E5-4AA6-A6F9-C43BD960FF1C}.Debug|iPhoneSimulator.Build.0 = Debug|Any CPU
		{9B6FE55D-C3E5-4AA6-A6F9-C43BD960FF1C}.Debug|x86.ActiveCfg = Debug|Any CPU
		{9B6FE55D-C3E5-4AA6-A6F9-C43BD960FF1C}.Debug|x86.Build.0 = Debug|Any CPU
		{9B6FE55D-C3E5-4AA6-A6F9-C43BD960FF1C}.Release|Any CPU.ActiveCfg = Release|Any CPU
		{9B6FE55D-C3E5-4AA6-A6F9-C43BD960FF1C}.Release|Any CPU.Build.0 = Release|Any CPU
		{9B6FE55D-C3E5-4AA6-A6F9-C43BD960FF1C}.Release|ARM.ActiveCfg = Release|Any CPU
		{9B6FE55D-C3E5-4AA6-A6F9-C43BD960FF1C}.Release|ARM.Build.0 = Release|Any CPU
		{9B6FE55D-C3E5-4AA6-A6F9-C43BD960FF1C}.Release|iPhone.ActiveCfg = Release|Any CPU
		{9B6FE55D-C3E5-4AA6-A6F9-C43BD960FF1C}.Release|iPhone.Build.0 = Release|Any CPU
		{9B6FE55D-C3E5-4AA6-A6F9-C43BD960FF1C}.Release|iPhoneSimulator.ActiveCfg = Release|Any CPU
		{9B6FE55D-C3E5-4AA6-A6F9-C43BD960FF1C}.Release|iPhoneSimulator.Build.0 = Release|Any CPU
		{9B6FE55D-C3E5-4AA6-A6F9-C43BD960FF1C}.Release|x86.ActiveCfg = Release|Any CPU
		{9B6FE55D-C3E5-4AA6-A6F9-C43BD960FF1C}.Release|x86.Build.0 = Release|Any CPU
		{19D6C277-3089-4BB7-A0CC-410EBC76EF8D}.Debug|Any CPU.ActiveCfg = Debug|Any CPU
		{19D6C277-3089-4BB7-A0CC-410EBC76EF8D}.Debug|Any CPU.Build.0 = Debug|Any CPU
		{19D6C277-3089-4BB7-A0CC-410EBC76EF8D}.Debug|ARM.ActiveCfg = Debug|Any CPU
		{19D6C277-3089-4BB7-A0CC-410EBC76EF8D}.Debug|ARM.Build.0 = Debug|Any CPU
		{19D6C277-3089-4BB7-A0CC-410EBC76EF8D}.Debug|iPhone.ActiveCfg = Debug|Any CPU
		{19D6C277-3089-4BB7-A0CC-410EBC76EF8D}.Debug|iPhone.Build.0 = Debug|Any CPU
		{19D6C277-3089-4BB7-A0CC-410EBC76EF8D}.Debug|iPhoneSimulator.ActiveCfg = Debug|Any CPU
		{19D6C277-3089-4BB7-A0CC-410EBC76EF8D}.Debug|iPhoneSimulator.Build.0 = Debug|Any CPU
		{19D6C277-3089-4BB7-A0CC-410EBC76EF8D}.Debug|x86.ActiveCfg = Debug|Any CPU
		{19D6C277-3089-4BB7-A0CC-410EBC76EF8D}.Debug|x86.Build.0 = Debug|Any CPU
		{19D6C277-3089-4BB7-A0CC-410EBC76EF8D}.Release|Any CPU.ActiveCfg = Release|Any CPU
		{19D6C277-3089-4BB7-A0CC-410EBC76EF8D}.Release|Any CPU.Build.0 = Release|Any CPU
		{19D6C277-3089-4BB7-A0CC-410EBC76EF8D}.Release|ARM.ActiveCfg = Release|Any CPU
		{19D6C277-3089-4BB7-A0CC-410EBC76EF8D}.Release|ARM.Build.0 = Release|Any CPU
		{19D6C277-3089-4BB7-A0CC-410EBC76EF8D}.Release|iPhone.ActiveCfg = Release|Any CPU
		{19D6C277-3089-4BB7-A0CC-410EBC76EF8D}.Release|iPhone.Build.0 = Release|Any CPU
		{19D6C277-3089-4BB7-A0CC-410EBC76EF8D}.Release|iPhoneSimulator.ActiveCfg = Release|Any CPU
		{19D6C277-3089-4BB7-A0CC-410EBC76EF8D}.Release|iPhoneSimulator.Build.0 = Release|Any CPU
		{19D6C277-3089-4BB7-A0CC-410EBC76EF8D}.Release|x86.ActiveCfg = Release|Any CPU
		{19D6C277-3089-4BB7-A0CC-410EBC76EF8D}.Release|x86.Build.0 = Release|Any CPU
	EndGlobalSection
	GlobalSection(SolutionProperties) = preSolution
		HideSolutionNode = FALSE
	EndGlobalSection
	GlobalSection(ExtensibilityGlobals) = postSolution
		SolutionGuid = {BB67CF0A-7705-40D8-9135-1991BF7E4B4D}
	EndGlobalSection
EndGlobal
